
Microsoft Visual Studio Solution File, Format Version 12.00
Project("{FAE04EC0-301F-11D3-BF4B-00C04F79EFBC}") = "MeterDataSplitter", "MeterDataSplitter\MeterDataSplitter.csproj", "{DAE7BA77-6A25-4FEC-934B-F48C5EE5654E}"
EndProject
Project("{FAE04EC0-301F-11D3-BF4B-00C04F79EFBC}") = "BidEnergy.ActorSystem", "BidEnergy.ActorSystem\BidEnergy.ActorSystem.csproj", "{333FE600-9EDC-4C52-B9B6-89C3D0E7CF45}"
EndProject
Global
	GlobalSection(SolutionConfigurationPlatforms) = preSolution
		Debug|Any CPU = Debug|Any CPU
		Release|Any CPU = Release|Any CPU
	EndGlobalSection
	GlobalSection(ProjectConfigurationPlatforms) = postSolution
		{DAE7BA77-6A25-4FEC-934B-F48C5EE5654E}.Debug|Any CPU.ActiveCfg = Debug|Any CPU
		{DAE7BA77-6A25-4FEC-934B-F48C5EE5654E}.Debug|Any CPU.Build.0 = Debug|Any CPU
		{DAE7BA77-6A25-4FEC-934B-F48C5EE5654E}.Release|Any CPU.ActiveCfg = Release|Any CPU
		{DAE7BA77-6A25-4FEC-934B-F48C5EE5654E}.Release|Any CPU.Build.0 = Release|Any CPU
		{333FE600-9EDC-4C52-B9B6-89C3D0E7CF45}.Debug|Any CPU.ActiveCfg = Debug|Any CPU
		{333FE600-9EDC-4C52-B9B6-89C3D0E7CF45}.Debug|Any CPU.Build.0 = Debug|Any CPU
		{333FE600-9EDC-4C52-B9B6-89C3D0E7CF45}.Release|Any CPU.ActiveCfg = Release|Any CPU
		{333FE600-9EDC-4C52-B9B6-89C3D0E7CF45}.Release|Any CPU.Build.0 = Release|Any CPU
	EndGlobalSection
EndGlobal
